<?xml version="1.0" encoding="utf-8"?>
<Project ToolsVersion="4.0" xmlns="http://schemas.microsoft.com/developer/msbuild/2003">
  <ItemGroup>
    <Filter Include="Source Files">
      <UniqueIdentifier>{4FC737F1-C7A5-4376-A066-2A32D752A2FF}</UniqueIdentifier>
      <Extensions>cpp;c;cc;cxx;def;odl;idl;hpj;bat;asm;asmx</Extensions>
    </Filter>
    <Filter Include="Header Files">
      <UniqueIdentifier>{93995380-89BD-4b04-88EB-625FBE52EBFB}</UniqueIdentifier>
      <Extensions>h;hh;hpp;hxx;hm;inl;inc;xsd</Extensions>
    </Filter>
    <Filter Include="Resource Files">
      <UniqueIdentifier>{67DA6AB6-F800-4c08-8B7A-83BB121AAD01}</UniqueIdentifier>
      <Extensions>rc;ico;cur;bmp;dlg;rc2;rct;bin;rgs;gif;jpg;jpeg;jpe;resx;tiff;tif;png;wav;mfcribbon-ms</Extensions>
    </Filter>
    <Filter Include="Header Files\Window">
      <UniqueIdentifier>{c8b1b480-f944-4cd1-ab50-2ce89f04ac6c}</UniqueIdentifier>
    </Filter>
    <Filter Include="Source Files\Draw">
      <UniqueIdentifier>{465fb1ee-f25d-4e9a-8891-dbdce38800f3}</UniqueIdentifier>
    </Filter>
    <Filter Include="Header Files\Draw">
      <UniqueIdentifier>{7a1007a2-2036-49cb-8646-8e1b40a7219e}</UniqueIdentifier>
    </Filter>
    <Filter Include="Source Files\Window">
      <UniqueIdentifier>{b6141dbe-2eb8-4981-aff1-9d16504a0758}</UniqueIdentifier>
    </Filter>
    <Filter Include="Source Files\Utils">
      <UniqueIdentifier>{a600337f-9dd2-407f-a487-b134bf94e79e}</UniqueIdentifier>
    </Filter>
    <Filter Include="Header Files\Utils">
      <UniqueIdentifier>{5d8f8d01-bbb0-4760-b027-3945edb4b3b0}</UniqueIdentifier>
    </Filter>
  </ItemGroup>
  <ItemGroup>
    <ClCompile Include="main.cpp">
      <Filter>Source Files</Filter>
    </ClCompile>
    <ClCompile Include="draw_window_elements.cpp">
      <Filter>Source Files\Draw</Filter>
    </ClCompile>
    <ClCompile Include="platform_specific.cpp">
      <Filter>Source Files\Window</Filter>
    </ClCompile>
    <ClCompile Include="window.cpp">
      <Filter>Source Files\Window</Filter>
    </ClCompile>
    <ClCompile Include="mymath.cpp">
      <Filter>Source Files\Utils</Filter>
    </ClCompile>
    <ClCompile Include="config.cpp">
      <Filter>Source Files\Utils</Filter>
    </ClCompile>
    <ClCompile Include="object_handler.cpp">
      <Filter>Source Files\Utils</Filter>
    </ClCompile>
    <ClCompile Include="draw.cpp">
      <Filter>Source Files\Draw</Filter>
    </ClCompile>
    <ClCompile Include="draw_internal.cpp">
      <Filter>Source Files\Draw</Filter>
    </ClCompile>
  </ItemGroup>
  <ItemGroup>
    <ClInclude Include="window.h">
      <Filter>Header Files\Window</Filter>
    </ClInclude>
    <ClInclude Include="platform_specific.h">
      <Filter>Header Files\Window</Filter>
    </ClInclude>
    <ClInclude Include="controller.h">
      <Filter>Header Files\Window</Filter>
    </ClInclude>
    <ClInclude Include="draw_window_elements.h">
      <Filter>Header Files\Draw</Filter>
    </ClInclude>
    <ClInclude Include="config.h">
      <Filter>Header Files\Utils</Filter>
    </ClInclude>
    <ClInclude Include="mymath.h">
      <Filter>Header Files\Utils</Filter>
    </ClInclude>
    <ClInclude Include="object_handler.h">
      <Filter>Header Files\Utils</Filter>
    </ClInclude>
    <ClInclude Include="types.h">
      <Filter>Header Files\Utils</Filter>
    </ClInclude>
    <ClInclude Include="draw.h">
      <Filter>Header Files\Draw</Filter>
    </ClInclude>
    <ClInclude Include="draw_internal.h">
      <Filter>Header Files\Draw</Filter>
    </ClInclude>
    <ClInclude Include="main.h">
      <Filter>Header Files</Filter>
    </ClInclude>
  </ItemGroup>
</Project>