<?xml version="1.0" encoding="utf-8"?>
<Project ToolsVersion="4.0" xmlns="http://schemas.microsoft.com/developer/msbuild/2003">
  <ItemGroup>
    <Filter Include="Form Files">
      <UniqueIdentifier>{99349809-55BA-4b9d-BF79-8FDBB0286EB3}</UniqueIdentifier>
      <Extensions>ui</Extensions>
    </Filter>
    <Filter Include="Resource Files">
      <UniqueIdentifier>{D9D6E242-F8AF-46E4-B9FD-80ECBC20BA3E}</UniqueIdentifier>
      <Extensions>qrc;*</Extensions>
      <ParseFiles>false</ParseFiles>
    </Filter>
    <Filter Include="Generated Files">
      <UniqueIdentifier>{71ED8ED8-ACB9-4CE9-BBE1-E00B30144E11}</UniqueIdentifier>
      <Extensions>moc;h;cpp</Extensions>
      <SourceControlFiles>False</SourceControlFiles>
    </Filter>
    <Filter Include="ControlPoint">
      <UniqueIdentifier>{3a93b8fa-e216-4765-9c08-877cf75a229d}</UniqueIdentifier>
    </Filter>
    <Filter Include="DrawingArea">
      <UniqueIdentifier>{7d5da594-a381-48e2-8f9b-0ce06ec36ca1}</UniqueIdentifier>
    </Filter>
    <Filter Include="IO">
      <UniqueIdentifier>{94d34feb-44d2-4c76-aaa2-eb8331309e4c}</UniqueIdentifier>
    </Filter>
    <Filter Include="EditorGui">
      <UniqueIdentifier>{93fe4b1a-2a9f-4e53-b9b1-b5955e120a76}</UniqueIdentifier>
    </Filter>
    <Filter Include="Header Files">
      <UniqueIdentifier>{93995380-89BD-4b04-88EB-625FBE52EBFB}</UniqueIdentifier>
      <Extensions>h;hh;hpp;hxx;hm;inl;inc;xsd</Extensions>
      <ParseFiles>true</ParseFiles>
    </Filter>
    <Filter Include="Source Files">
      <UniqueIdentifier>{4FC737F1-C7A5-4376-A066-2A32D752A2FF}</UniqueIdentifier>
      <Extensions>cpp;c;cc;cxx;def;odl;idl;hpj;bat;asm;asmx</Extensions>
      <ParseFiles>true</ParseFiles>
    </Filter>
  </ItemGroup>
  <ItemGroup>
    <ClCompile Include="ControlPointList.cpp">
      <Filter>ControlPoint</Filter>
    </ClCompile>
    <ClCompile Include="DrawingArea.cpp">
      <Filter>DrawingArea</Filter>
    </ClCompile>
    <ClCompile Include="Io.cpp">
      <Filter>IO</Filter>
    </ClCompile>
    <ClCompile Include="main.cpp" />
    <ClCompile Include="stdafx.cpp" />
    <ClCompile Include="EditorGui.cpp">
      <Filter>EditorGui</Filter>
    </ClCompile>
  </ItemGroup>
  <ItemGroup>
    <ClInclude Include="ControlPointList.h">
      <Filter>ControlPoint</Filter>
    </ClInclude>
    <ClInclude Include="ControlPoint.h">
      <Filter>ControlPoint</Filter>
    </ClInclude>
    <ClInclude Include="Io.h">
      <Filter>IO</Filter>
    </ClInclude>
    <ClInclude Include="stdafx.h" />
  </ItemGroup>
  <ItemGroup>
    <QtMoc Include="DrawingArea.h">
      <Filter>DrawingArea</Filter>
    </QtMoc>
    <QtMoc Include="EditorGui.h">
      <Filter>EditorGui</Filter>
    </QtMoc>
  </ItemGroup>
  <ItemGroup>
    <QtUic Include="EditorGui.ui">
      <Filter>Form Files</Filter>
    </QtUic>
  </ItemGroup>
  <ItemGroup>
    <ResourceCompile Include="EditorGui.rc">
      <Filter>EditorGui</Filter>
    </ResourceCompile>
  </ItemGroup>
  <ItemGroup>
    <QtRcc Include="EditorGui.qrc">
      <Filter>EditorGui</Filter>
    </QtRcc>
  </ItemGroup>
</Project>